
Microsoft Visual Studio Solution File, Format Version 12.00
# Visual Studio 15
VisualStudioVersion = 15.0.28010.2016
MinimumVisualStudioVersion = 10.0.40219.1
Project("{FAE04EC0-301F-11D3-BF4B-00C04F79EFBC}") = "Gap.Domain", "Gap.Domain\Gap.Domain.csproj", "{C1497A59-B8DA-4304-A71E-391086373D56}"
EndProject
Project("{FAE04EC0-301F-11D3-BF4B-00C04F79EFBC}") = "Gap.DataAccess", "Gap.DataAccess\Gap.DataAccess.csproj", "{407B4BE5-A02B-408D-84FE-18447E4828DC}"
EndProject
Project("{FAE04EC0-301F-11D3-BF4B-00C04F79EFBC}") = "GAP.Common", "GAP.Common\GAP.Common.csproj", "{3884FD20-5D2D-4E42-96F5-288D182C68DC}"
EndProject
Project("{FAE04EC0-301F-11D3-BF4B-00C04F79EFBC}") = "Gap.WepApi", "Gap.WepApi\Gap.WepApi.csproj", "{5DFB41D3-8A14-4AD7-9815-C349AC946358}"
EndProject
Global
	GlobalSection(SolutionConfigurationPlatforms) = preSolution
		Debug|Any CPU = Debug|Any CPU
		Release|Any CPU = Release|Any CPU
	EndGlobalSection
	GlobalSection(ProjectConfigurationPlatforms) = postSolution
		{C1497A59-B8DA-4304-A71E-391086373D56}.Debug|Any CPU.ActiveCfg = Debug|Any CPU
		{C1497A59-B8DA-4304-A71E-391086373D56}.Debug|Any CPU.Build.0 = Debug|Any CPU
		{C1497A59-B8DA-4304-A71E-391086373D56}.Release|Any CPU.ActiveCfg = Release|Any CPU
		{C1497A59-B8DA-4304-A71E-391086373D56}.Release|Any CPU.Build.0 = Release|Any CPU
		{407B4BE5-A02B-408D-84FE-18447E4828DC}.Debug|Any CPU.ActiveCfg = Debug|Any CPU
		{407B4BE5-A02B-408D-84FE-18447E4828DC}.Debug|Any CPU.Build.0 = Debug|Any CPU
		{407B4BE5-A02B-408D-84FE-18447E4828DC}.Release|Any CPU.ActiveCfg = Release|Any CPU
		{407B4BE5-A02B-408D-84FE-18447E4828DC}.Release|Any CPU.Build.0 = Release|Any CPU
		{3884FD20-5D2D-4E42-96F5-288D182C68DC}.Debug|Any CPU.ActiveCfg = Debug|Any CPU
		{3884FD20-5D2D-4E42-96F5-288D182C68DC}.Debug|Any CPU.Build.0 = Debug|Any CPU
		{3884FD20-5D2D-4E42-96F5-288D182C68DC}.Release|Any CPU.ActiveCfg = Release|Any CPU
		{3884FD20-5D2D-4E42-96F5-288D182C68DC}.Release|Any CPU.Build.0 = Release|Any CPU
		{5DFB41D3-8A14-4AD7-9815-C349AC946358}.Debug|Any CPU.ActiveCfg = Debug|Any CPU
		{5DFB41D3-8A14-4AD7-9815-C349AC946358}.Debug|Any CPU.Build.0 = Debug|Any CPU
		{5DFB41D3-8A14-4AD7-9815-C349AC946358}.Release|Any CPU.ActiveCfg = Release|Any CPU
		{5DFB41D3-8A14-4AD7-9815-C349AC946358}.Release|Any CPU.Build.0 = Release|Any CPU
	EndGlobalSection
	GlobalSection(SolutionProperties) = preSolution
		HideSolutionNode = FALSE
	EndGlobalSection
	GlobalSection(ExtensibilityGlobals) = postSolution
		SolutionGuid = {B47D557C-3464-4CA1-A66A-CCF1CA0FAB17}
	EndGlobalSection
EndGlobal
